
Microsoft Visual Studio Solution File, Format Version 12.00
# Visual Studio Version 17
VisualStudioVersion = 17.9.34701.34
MinimumVisualStudioVersion = 10.0.40219.1
Project("{9A19103F-16F7-4668-BE54-9A1E7A4F7556}") = "MongoDB.Microservice.Blog", "MongoDB.Microservice.Blog\MongoDB.Microservice.Blog.csproj", "{1A2ED4F5-07E0-49DE-B1A8-6BBDBAC1BDB2}"
EndProject
Global
	GlobalSection(SolutionConfigurationPlatforms) = preSolution
		Debug|Any CPU = Debug|Any CPU
		Debug|x64 = Debug|x64
		Release|Any CPU = Release|Any CPU
		Release|x64 = Release|x64
	EndGlobalSection
	GlobalSection(ProjectConfigurationPlatforms) = postSolution
		{1A2ED4F5-07E0-49DE-B1A8-6BBDBAC1BDB2}.Debug|Any CPU.ActiveCfg = Debug|Any CPU
		{1A2ED4F5-07E0-49DE-B1A8-6BBDBAC1BDB2}.Debug|Any CPU.Build.0 = Debug|Any CPU
		{1A2ED4F5-07E0-49DE-B1A8-6BBDBAC1BDB2}.Debug|x64.ActiveCfg = Debug|x64
		{1A2ED4F5-07E0-49DE-B1A8-6BBDBAC1BDB2}.Debug|x64.Build.0 = Debug|x64
		{1A2ED4F5-07E0-49DE-B1A8-6BBDBAC1BDB2}.Release|Any CPU.ActiveCfg = Release|Any CPU
		{1A2ED4F5-07E0-49DE-B1A8-6BBDBAC1BDB2}.Release|Any CPU.Build.0 = Release|Any CPU
		{1A2ED4F5-07E0-49DE-B1A8-6BBDBAC1BDB2}.Release|x64.ActiveCfg = Release|x64
		{1A2ED4F5-07E0-49DE-B1A8-6BBDBAC1BDB2}.Release|x64.Build.0 = Release|x64
	EndGlobalSection
	GlobalSection(SolutionProperties) = preSolution
		HideSolutionNode = FALSE
	EndGlobalSection
	GlobalSection(ExtensibilityGlobals) = postSolution
		SolutionGuid = {D06CE47A-3C5F-4C17-9A5E-71DFA8E74C85}
	EndGlobalSection
EndGlobal
